
Microsoft Visual Studio Solution File, Format Version 12.00
# Visual Studio Version 16
VisualStudioVersion = 16.0.31005.135
MinimumVisualStudioVersion = 10.0.40219.1
Project("{2150E333-8FDC-42A3-9474-1A3956D46DE8}") = "CleanArch.Application", "CleanArch.Application", "{820BD610-C56C-47F9-8645-D644ED2FD32D}"
EndProject
Project("{2150E333-8FDC-42A3-9474-1A3956D46DE8}") = "CleanArch.Domain", "CleanArch.Domain", "{74C70476-B1EE-4E58-AB14-460129A7AD11}"
EndProject
Project("{2150E333-8FDC-42A3-9474-1A3956D46DE8}") = "CleanArch.Infra.IoC", "CleanArch.Infra.IoC", "{DD1C9316-C341-4414-9808-A11E03F80188}"
EndProject
Project("{2150E333-8FDC-42A3-9474-1A3956D46DE8}") = "CleanArch.Infra.Data", "CleanArch.Infra.Data", "{F8DC844A-BCC5-418D-A795-4D0871F54CCA}"
EndProject
Project("{2150E333-8FDC-42A3-9474-1A3956D46DE8}") = "CleanArch.UI.Mvc", "CleanArch.UI.Mvc", "{4547622A-5946-481B-A6F7-B698889480ED}"
EndProject
Global
	GlobalSection(SolutionProperties) = preSolution
		HideSolutionNode = FALSE
	EndGlobalSection
	GlobalSection(ExtensibilityGlobals) = postSolution
		SolutionGuid = {C11FF76B-3F4C-4299-A5DC-2F3A66E99B1F}
	EndGlobalSection
EndGlobal
